github.com/Rehtt/Kit v0.1.21 h1:JmuChZS1h8maEzyJ5yvDTASDPeR+1oMzvgcwGiUdKII=
github.com/Rehtt/Kit v0.1.21/go.mod h1:zI4wU3Mjk164Q6ybTk+0Ec+t+1N23wJeRIDLwX4SRR8=
github.com/Rehtt/Kit v0.1.22-0.20260920072956-21fc92c0871f h1:Natgx9PehkhYgsRah5UUUET98/mRpApLmnSJTNuCi4M=
github.com/Rehtt/Kit v0.1.22-0.20260920072956-21fc92c0871f/go.mod h1:zI4wU3Mjk164Q6ybTk+0Ec+t+1N23wJeRIDLwX4SRR8=
